
Microsoft Visual Studio Solution File, Format Version 12.00
# Visual Studio 15
VisualStudioVersion = 15.0.28307.1022
MinimumVisualStudioVersion = 10.0.40219.1
Project("{FAE04EC0-301F-11D3-BF4B-00C04F79EFBC}") = "Billing", "Billing\Billing.csproj", "{01ED7BF8-B5AB-44AD-A731-0486039E0D65}"
EndProject
Global
	GlobalSection(SolutionConfigurationPlatforms) = preSolution
		Debug|Any CPU = Debug|Any CPU
		Release|Any CPU = Release|Any CPU
	EndGlobalSection
	GlobalSection(ProjectConfigurationPlatforms) = postSolution
		{01ED7BF8-B5AB-44AD-A731-0486039E0D65}.Debug|Any CPU.ActiveCfg = Debug|Any CPU
		{01ED7BF8-B5AB-44AD-A731-0486039E0D65}.Debug|Any CPU.Build.0 = Debug|Any CPU
		{01ED7BF8-B5AB-44AD-A731-0486039E0D65}.Release|Any CPU.ActiveCfg = Release|Any CPU
		{01ED7BF8-B5AB-44AD-A731-0486039E0D65}.Release|Any CPU.Build.0 = Release|Any CPU
	EndGlobalSection
	GlobalSection(SolutionProperties) = preSolution
		HideSolutionNode = FALSE
	EndGlobalSection
	GlobalSection(ExtensibilityGlobals) = postSolution
		SolutionGuid = {D3C54352-D152-4D83-84AE-DE42EF2874DE}
	EndGlobalSection
EndGlobal
